
Microsoft Visual Studio Solution File, Format Version 12.00
# Visual Studio 2013
VisualStudioVersion = 12.0.30723.0
MinimumVisualStudioVersion = 10.0.40219.1
Project("{8BC9CEB8-8B4A-11D0-8D11-00A0C91BC942}") = "LAB_01", "LAB_01\LAB_01.vcxproj", "{0780A62A-7085-497C-B533-970078715418}"
EndProject
Project("{8BC9CEB8-8B4A-11D0-8D11-00A0C91BC942}") = "LAB_02", "LAB_02\LAB_02.vcxproj", "{12FD99B3-1D48-4694-B5FC-266FDDE99BA4}"
EndProject
Project("{8BC9CEB8-8B4A-11D0-8D11-00A0C91BC942}") = "LAB_07", "LAB_07\LAB_07.vcxproj", "{0479601C-847B-42F4-9842-7F7CFB8F9B1D}"
EndProject
Project("{8BC9CEB8-8B4A-11D0-8D11-00A0C91BC942}") = "LAB_Misc", "LAB_Misc\LAB_Misc.vcxproj", "{11A439A3-281F-41C2-9248-4B1657A757B9}"
EndProject
Project("{8BC9CEB8-8B4A-11D0-8D11-00A0C91BC942}") = "LAB_08", "LAB_08\LAB_08.vcxproj", "{64B1DAA4-7884-48E1-927B-645CE8A2DEC9}"
EndProject
Global
	GlobalSection(SolutionConfigurationPlatforms) = preSolution
		Debug|Win32 = Debug|Win32
		Release|Win32 = Release|Win32
	EndGlobalSection
	GlobalSection(ProjectConfigurationPlatforms) = postSolution
		{0780A62A-7085-497C-B533-970078715418}.Debug|Win32.ActiveCfg = Debug|Win32
		{0780A62A-7085-497C-B533-970078715418}.Debug|Win32.Build.0 = Debug|Win32
		{0780A62A-7085-497C-B533-970078715418}.Release|Win32.ActiveCfg = Release|Win32
		{0780A62A-7085-497C-B533-970078715418}.Release|Win32.Build.0 = Release|Win32
		{12FD99B3-1D48-4694-B5FC-266FDDE99BA4}.Debug|Win32.ActiveCfg = Debug|Win32
		{12FD99B3-1D48-4694-B5FC-266FDDE99BA4}.Debug|Win32.Build.0 = Debug|Win32
		{12FD99B3-1D48-4694-B5FC-266FDDE99BA4}.Release|Win32.ActiveCfg = Release|Win32
		{12FD99B3-1D48-4694-B5FC-266FDDE99BA4}.Release|Win32.Build.0 = Release|Win32
		{0479601C-847B-42F4-9842-7F7CFB8F9B1D}.Debug|Win32.ActiveCfg = Debug|Win32
		{0479601C-847B-42F4-9842-7F7CFB8F9B1D}.Debug|Win32.Build.0 = Debug|Win32
		{0479601C-847B-42F4-9842-7F7CFB8F9B1D}.Release|Win32.ActiveCfg = Release|Win32
		{0479601C-847B-42F4-9842-7F7CFB8F9B1D}.Release|Win32.Build.0 = Release|Win32
		{11A439A3-281F-41C2-9248-4B1657A757B9}.Debug|Win32.ActiveCfg = Debug|Win32
		{11A439A3-281F-41C2-9248-4B1657A757B9}.Debug|Win32.Build.0 = Debug|Win32
		{11A439A3-281F-41C2-9248-4B1657A757B9}.Release|Win32.ActiveCfg = Release|Win32
		{11A439A3-281F-41C2-9248-4B1657A757B9}.Release|Win32.Build.0 = Release|Win32
		{64B1DAA4-7884-48E1-927B-645CE8A2DEC9}.Debug|Win32.ActiveCfg = Debug|Win32
		{64B1DAA4-7884-48E1-927B-645CE8A2DEC9}.Debug|Win32.Build.0 = Debug|Win32
		{64B1DAA4-7884-48E1-927B-645CE8A2DEC9}.Release|Win32.ActiveCfg = Release|Win32
		{64B1DAA4-7884-48E1-927B-645CE8A2DEC9}.Release|Win32.Build.0 = Release|Win32
	EndGlobalSection
	GlobalSection(SolutionProperties) = preSolution
		HideSolutionNode = FALSE
	EndGlobalSection
EndGlobal
